<?xml version="1.0" encoding="utf-8"?>
<Project ToolsVersion="4.0" xmlns="http://schemas.microsoft.com/developer/msbuild/2003">
  <ItemGroup>
    <Filter Include="源文件">
      <UniqueIdentifier>{4FC737F1-C7A5-4376-A066-2A32D752A2FF}</UniqueIdentifier>
      <Extensions>cpp;c;cc;cxx;c++;cppm;ixx;def;odl;idl;hpj;bat;asm;asmx</Extensions>
    </Filter>
    <Filter Include="头文件">
      <UniqueIdentifier>{93995380-89BD-4b04-88EB-625FBE52EBFB}</UniqueIdentifier>
      <Extensions>h;hh;hpp;hxx;h++;hm;inl;inc;ipp;xsd</Extensions>
    </Filter>
    <Filter Include="资源文件">
      <UniqueIdentifier>{67DA6AB6-F800-4c08-8B7A-83BB121AAD01}</UniqueIdentifier>
      <Extensions>rc;ico;cur;bmp;dlg;rc2;rct;bin;rgs;gif;jpg;jpeg;jpe;resx;tiff;tif;png;wav;mfcribbon-ms</Extensions>
    </Filter>
    <Filter Include="tests">
      <UniqueIdentifier>{b650e2e7-3543-4861-b02c-783b0cc0fe58}</UniqueIdentifier>
    </Filter>
    <Filter Include="memories">
      <UniqueIdentifier>{db374308-5947-4ac1-91be-9900f3fea8eb}</UniqueIdentifier>
    </Filter>
    <Filter Include="types">
      <UniqueIdentifier>{530a5504-b467-42f3-9392-ae9d32f14287}</UniqueIdentifier>
    </Filter>
  </ItemGroup>
  <ItemGroup>
    <ClInclude Include="def.h">
      <Filter>头文件</Filter>
    </ClInclude>
    <ClInclude Include="tests\TestMemory.h">
      <Filter>tests</Filter>
    </ClInclude>
    <ClInclude Include="types\Array.h">
      <Filter>types</Filter>
    </ClInclude>
    <ClInclude Include="tests\TestArray.h">
      <Filter>tests</Filter>
    </ClInclude>
    <ClInclude Include="types\String.h">
      <Filter>types</Filter>
    </ClInclude>
    <ClInclude Include="memories\Memory.h">
      <Filter>memories</Filter>
    </ClInclude>
    <ClInclude Include="tests\TestString.h">
      <Filter>tests</Filter>
    </ClInclude>
    <ClInclude Include="types\List.h">
      <Filter>types</Filter>
    </ClInclude>
    <ClInclude Include="types\Link.h">
      <Filter>types</Filter>
    </ClInclude>
    <ClInclude Include="tests\TestLink.h">
      <Filter>tests</Filter>
    </ClInclude>
    <ClInclude Include="tests\TestList.h">
      <Filter>tests</Filter>
    </ClInclude>
    <ClInclude Include="types\Set.h">
      <Filter>types</Filter>
    </ClInclude>
    <ClInclude Include="memories\AlignedMemory.h">
      <Filter>memories</Filter>
    </ClInclude>
  </ItemGroup>
  <ItemGroup>
    <ClCompile Include="main.cpp">
      <Filter>源文件</Filter>
    </ClCompile>
    <ClCompile Include="memories\Memory.c">
      <Filter>memories</Filter>
    </ClCompile>
    <ClCompile Include="types\Array.c">
      <Filter>types</Filter>
    </ClCompile>
    <ClCompile Include="tests\TestArray.c">
      <Filter>tests</Filter>
    </ClCompile>
    <ClCompile Include="tests\TestMemory.c">
      <Filter>tests</Filter>
    </ClCompile>
    <ClCompile Include="types\String.c">
      <Filter>types</Filter>
    </ClCompile>
    <ClCompile Include="tests\TestString.c">
      <Filter>tests</Filter>
    </ClCompile>
    <ClCompile Include="types\List.c">
      <Filter>types</Filter>
    </ClCompile>
    <ClCompile Include="types\Link.c">
      <Filter>types</Filter>
    </ClCompile>
    <ClCompile Include="tests\TestLink.c">
      <Filter>tests</Filter>
    </ClCompile>
    <ClCompile Include="tests\TestList.c">
      <Filter>tests</Filter>
    </ClCompile>
    <ClCompile Include="types\Set.c">
      <Filter>types</Filter>
    </ClCompile>
  </ItemGroup>
</Project>