
Microsoft Visual Studio Solution File, Format Version 12.00
# Visual Studio Version 16
VisualStudioVersion = 16.0.30611.23
MinimumVisualStudioVersion = 10.0.40219.1
Project("{9A19103F-16F7-4668-BE54-9A1E7A4F7556}") = "FactPattern.Commons", "Commons\dotnet\FactPattern.Commons.csproj", "{503C0B9F-BE74-4B6A-9077-1FEE058E8F4B}"
EndProject
Project("{8BC9CEB8-8B4A-11D0-8D11-00A0C91BC942}") = "FactVM", "FactVM\FactVM.vcxproj", "{D67E8233-E40F-46B9-9B0C-54055C0E54DF}"
EndProject
Global
	GlobalSection(SolutionConfigurationPlatforms) = preSolution
		Debug|Any CPU = Debug|Any CPU
		Debug|ARM = Debug|ARM
		Debug|ARM64 = Debug|ARM64
		Debug|x64 = Debug|x64
		Debug|x86 = Debug|x86
		Release|Any CPU = Release|Any CPU
		Release|ARM = Release|ARM
		Release|ARM64 = Release|ARM64
		Release|x64 = Release|x64
		Release|x86 = Release|x86
	EndGlobalSection
	GlobalSection(ProjectConfigurationPlatforms) = postSolution
		{503C0B9F-BE74-4B6A-9077-1FEE058E8F4B}.Debug|Any CPU.ActiveCfg = Debug|Any CPU
		{503C0B9F-BE74-4B6A-9077-1FEE058E8F4B}.Debug|Any CPU.Build.0 = Debug|Any CPU
		{503C0B9F-BE74-4B6A-9077-1FEE058E8F4B}.Debug|ARM.ActiveCfg = Debug|Any CPU
		{503C0B9F-BE74-4B6A-9077-1FEE058E8F4B}.Debug|ARM.Build.0 = Debug|Any CPU
		{503C0B9F-BE74-4B6A-9077-1FEE058E8F4B}.Debug|ARM64.ActiveCfg = Debug|Any CPU
		{503C0B9F-BE74-4B6A-9077-1FEE058E8F4B}.Debug|ARM64.Build.0 = Debug|Any CPU
		{503C0B9F-BE74-4B6A-9077-1FEE058E8F4B}.Debug|x64.ActiveCfg = Debug|Any CPU
		{503C0B9F-BE74-4B6A-9077-1FEE058E8F4B}.Debug|x64.Build.0 = Debug|Any CPU
		{503C0B9F-BE74-4B6A-9077-1FEE058E8F4B}.Debug|x86.ActiveCfg = Debug|Any CPU
		{503C0B9F-BE74-4B6A-9077-1FEE058E8F4B}.Debug|x86.Build.0 = Debug|Any CPU
		{503C0B9F-BE74-4B6A-9077-1FEE058E8F4B}.Release|Any CPU.ActiveCfg = Release|Any CPU
		{503C0B9F-BE74-4B6A-9077-1FEE058E8F4B}.Release|Any CPU.Build.0 = Release|Any CPU
		{503C0B9F-BE74-4B6A-9077-1FEE058E8F4B}.Release|ARM.ActiveCfg = Release|Any CPU
		{503C0B9F-BE74-4B6A-9077-1FEE058E8F4B}.Release|ARM.Build.0 = Release|Any CPU
		{503C0B9F-BE74-4B6A-9077-1FEE058E8F4B}.Release|ARM64.ActiveCfg = Release|Any CPU
		{503C0B9F-BE74-4B6A-9077-1FEE058E8F4B}.Release|ARM64.Build.0 = Release|Any CPU
		{503C0B9F-BE74-4B6A-9077-1FEE058E8F4B}.Release|x64.ActiveCfg = Release|Any CPU
		{503C0B9F-BE74-4B6A-9077-1FEE058E8F4B}.Release|x64.Build.0 = Release|Any CPU
		{503C0B9F-BE74-4B6A-9077-1FEE058E8F4B}.Release|x86.ActiveCfg = Release|Any CPU
		{503C0B9F-BE74-4B6A-9077-1FEE058E8F4B}.Release|x86.Build.0 = Release|Any CPU
		{D67E8233-E40F-46B9-9B0C-54055C0E54DF}.Debug|Any CPU.ActiveCfg = Debug|Win32
		{D67E8233-E40F-46B9-9B0C-54055C0E54DF}.Debug|ARM.ActiveCfg = Debug|Win32
		{D67E8233-E40F-46B9-9B0C-54055C0E54DF}.Debug|ARM64.ActiveCfg = Debug|Win32
		{D67E8233-E40F-46B9-9B0C-54055C0E54DF}.Debug|x64.ActiveCfg = Debug|x64
		{D67E8233-E40F-46B9-9B0C-54055C0E54DF}.Debug|x64.Build.0 = Debug|x64
		{D67E8233-E40F-46B9-9B0C-54055C0E54DF}.Debug|x86.ActiveCfg = Debug|Win32
		{D67E8233-E40F-46B9-9B0C-54055C0E54DF}.Debug|x86.Build.0 = Debug|Win32
		{D67E8233-E40F-46B9-9B0C-54055C0E54DF}.Release|Any CPU.ActiveCfg = Release|Win32
		{D67E8233-E40F-46B9-9B0C-54055C0E54DF}.Release|ARM.ActiveCfg = Release|Win32
		{D67E8233-E40F-46B9-9B0C-54055C0E54DF}.Release|ARM64.ActiveCfg = Release|Win32
		{D67E8233-E40F-46B9-9B0C-54055C0E54DF}.Release|x64.ActiveCfg = Release|x64
		{D67E8233-E40F-46B9-9B0C-54055C0E54DF}.Release|x64.Build.0 = Release|x64
		{D67E8233-E40F-46B9-9B0C-54055C0E54DF}.Release|x86.ActiveCfg = Release|Win32
		{D67E8233-E40F-46B9-9B0C-54055C0E54DF}.Release|x86.Build.0 = Release|Win32
	EndGlobalSection
	GlobalSection(SolutionProperties) = preSolution
		HideSolutionNode = FALSE
	EndGlobalSection
	GlobalSection(ExtensibilityGlobals) = postSolution
		SolutionGuid = {26369040-B201-451F-9D77-52870EB6BCB4}
	EndGlobalSection
EndGlobal
