<?xml version="1.0" encoding="utf-8"?>
<Project ToolsVersion="4.0" xmlns="http://schemas.microsoft.com/developer/msbuild/2003">
  <ItemGroup>
    <Filter Include="源文件">
      <UniqueIdentifier>{4FC737F1-C7A5-4376-A066-2A32D752A2FF}</UniqueIdentifier>
      <Extensions>cpp;c;cc;cxx;c++;cppm;ixx;def;odl;idl;hpj;bat;asm;asmx</Extensions>
    </Filter>
    <Filter Include="头文件">
      <UniqueIdentifier>{93995380-89BD-4b04-88EB-625FBE52EBFB}</UniqueIdentifier>
      <Extensions>h;hh;hpp;hxx;h++;hm;inl;inc;ipp;xsd</Extensions>
    </Filter>
    <Filter Include="资源文件">
      <UniqueIdentifier>{67DA6AB6-F800-4c08-8B7A-83BB121AAD01}</UniqueIdentifier>
      <Extensions>rc;ico;cur;bmp;dlg;rc2;rct;bin;rgs;gif;jpg;jpeg;jpe;resx;tiff;tif;png;wav;mfcribbon-ms</Extensions>
    </Filter>
    <Filter Include="loggers">
      <UniqueIdentifier>{0d27799a-cb17-4963-a4f1-c31528f32f2b}</UniqueIdentifier>
    </Filter>
    <Filter Include="tests">
      <UniqueIdentifier>{4123ba81-9a1b-4459-971c-b16f0d9d51ec}</UniqueIdentifier>
    </Filter>
    <Filter Include="memories">
      <UniqueIdentifier>{08d3fcab-26f1-4e30-8a6a-935e401c1851}</UniqueIdentifier>
    </Filter>
    <Filter Include="tests\memories">
      <UniqueIdentifier>{3ddb019e-f289-4033-b1ea-05932ff28ce6}</UniqueIdentifier>
    </Filter>
    <Filter Include="primes">
      <UniqueIdentifier>{d71c206a-6597-46ae-8f27-6ac47bff8d1e}</UniqueIdentifier>
    </Filter>
    <Filter Include="tests\primes">
      <UniqueIdentifier>{e0c182cd-44bd-46b0-a5be-b1f485e4d563}</UniqueIdentifier>
    </Filter>
  </ItemGroup>
  <ItemGroup>
    <ClInclude Include="def.h">
      <Filter>头文件</Filter>
    </ClInclude>
    <ClInclude Include="tests\memories\TestMemory.h">
      <Filter>tests\memories</Filter>
    </ClInclude>
    <ClInclude Include="memories\memories_module.h">
      <Filter>memories</Filter>
    </ClInclude>
    <ClInclude Include="memories\TAlignedMemory.h">
      <Filter>memories</Filter>
    </ClInclude>
    <ClInclude Include="memories\TGCMemory.h">
      <Filter>memories</Filter>
    </ClInclude>
    <ClInclude Include="primes\primes_module.h">
      <Filter>primes</Filter>
    </ClInclude>
    <ClInclude Include="primes\TType.h">
      <Filter>primes</Filter>
    </ClInclude>
    <ClInclude Include="runtime.h">
      <Filter>头文件</Filter>
    </ClInclude>
    <ClInclude Include="Test.h">
      <Filter>头文件</Filter>
    </ClInclude>
    <ClInclude Include="primes\Array.h">
      <Filter>primes</Filter>
    </ClInclude>
    <ClInclude Include="tests\primes\TestArray.h">
      <Filter>tests\primes</Filter>
    </ClInclude>
    <ClInclude Include="primes\Link.h">
      <Filter>primes</Filter>
    </ClInclude>
    <ClInclude Include="tests\primes\TestLink.h">
      <Filter>tests\primes</Filter>
    </ClInclude>
    <ClInclude Include="primes\List.h">
      <Filter>primes</Filter>
    </ClInclude>
    <ClInclude Include="tests\primes\TestList.h">
      <Filter>tests\primes</Filter>
    </ClInclude>
    <ClInclude Include="primes\Encoding.h">
      <Filter>primes</Filter>
    </ClInclude>
    <ClInclude Include="primes\String.h">
      <Filter>primes</Filter>
    </ClInclude>
    <ClInclude Include="tests\primes\TestEncoding.h">
      <Filter>tests\primes</Filter>
    </ClInclude>
    <ClInclude Include="tests\TestRuntime.h">
      <Filter>tests</Filter>
    </ClInclude>
  </ItemGroup>
  <ItemGroup>
    <ClCompile Include="main.cpp">
      <Filter>源文件</Filter>
    </ClCompile>
    <ClCompile Include="tests\memories\TestMemory.c">
      <Filter>tests\memories</Filter>
    </ClCompile>
    <ClCompile Include="memories\memories_module.c">
      <Filter>memories</Filter>
    </ClCompile>
    <ClCompile Include="memories\TAlignedMemory.c">
      <Filter>memories</Filter>
    </ClCompile>
    <ClCompile Include="memories\TGCMemory.c">
      <Filter>memories</Filter>
    </ClCompile>
    <ClCompile Include="primes\primes_module.c">
      <Filter>primes</Filter>
    </ClCompile>
    <ClCompile Include="primes\TType.c">
      <Filter>primes</Filter>
    </ClCompile>
    <ClCompile Include="runtime.c">
      <Filter>源文件</Filter>
    </ClCompile>
    <ClCompile Include="Test.c">
      <Filter>源文件</Filter>
    </ClCompile>
    <ClCompile Include="primes\Array.c">
      <Filter>primes</Filter>
    </ClCompile>
    <ClCompile Include="tests\primes\TestArray.c">
      <Filter>tests\primes</Filter>
    </ClCompile>
    <ClCompile Include="primes\Link.c">
      <Filter>primes</Filter>
    </ClCompile>
    <ClCompile Include="tests\primes\TestLink.c">
      <Filter>tests\primes</Filter>
    </ClCompile>
    <ClCompile Include="primes\List.c">
      <Filter>primes</Filter>
    </ClCompile>
    <ClCompile Include="tests\primes\TestList.c">
      <Filter>tests\primes</Filter>
    </ClCompile>
    <ClCompile Include="primes\String.c">
      <Filter>primes</Filter>
    </ClCompile>
    <ClCompile Include="tests\primes\TestEncoding.c">
      <Filter>tests\primes</Filter>
    </ClCompile>
    <ClCompile Include="tests\TestRuntime.c">
      <Filter>tests</Filter>
    </ClCompile>
  </ItemGroup>
  <ItemGroup>
    <None Include="vcproj2cmake.ps1" />
  </ItemGroup>
  <ItemGroup>
    <Text Include="CMakeLists.txt" />
  </ItemGroup>
</Project>